// !$*UTF8*$!
{
	archiveVersion = 1;
	classes = {
	};
	objectVersion = 55;
	objects = {

/* Begin PBXBuildFile section */
		2863BACD28ABA96F00C6F414 /* 6. 격자판 최대 합.swift in Sources */ = {isa = PBXBuildFile; fileRef = 2863BACC28ABA96F00C6F414 /* 6. 격자판 최대 합.swift */; };
		2863BACF28ABB2BA00C6F414 /* 7. 사과나무.swift in Sources */ = {isa = PBXBuildFile; fileRef = 2863BACE28ABB2BA00C6F414 /* 7. 사과나무.swift */; };
		2868D374289D34BC000B299C /* main.swift in Sources */ = {isa = PBXBuildFile; fileRef = 2868D373289D34BC000B299C /* main.swift */; };
		2868D37D289D3A2A000B299C /* 1. K번째 약수.swift in Sources */ = {isa = PBXBuildFile; fileRef = 2868D37C289D3A2A000B299C /* 1. K번째 약수.swift */; };
		2868D380289D4E16000B299C /* 2. K번째 수.swift in Sources */ = {isa = PBXBuildFile; fileRef = 2868D37F289D4E16000B299C /* 2. K번째 수.swift */; };
		2868D382289E165C000B299C /* 3. K번째 큰 수.swift in Sources */ = {isa = PBXBuildFile; fileRef = 2868D381289E165C000B299C /* 3. K번째 큰 수.swift */; };
		2868D384289E1E6E000B299C /* 4. 대표 값 X.swift in Sources */ = {isa = PBXBuildFile; fileRef = 2868D383289E1E6E000B299C /* 4. 대표 값 X.swift */; };
		2899B5B428A76A66000A0671 /* 3. 카드 뒤집기.swift in Sources */ = {isa = PBXBuildFile; fileRef = 2899B5B328A76A66000A0671 /* 3. 카드 뒤집기.swift */; };
		2899B5B628A76C70000A0671 /* 4. 두 리스트 합치기.swift in Sources */ = {isa = PBXBuildFile; fileRef = 2899B5B528A76C70000A0671 /* 4. 두 리스트 합치기.swift */; };
		2899B5B828AA0276000A0671 /* 5. 수의 합.swift in Sources */ = {isa = PBXBuildFile; fileRef = 2899B5B728AA0276000A0671 /* 5. 수의 합.swift */; };
		289B2CE128A51BE50002F979 /* 8. 뒤집은 소수.swift in Sources */ = {isa = PBXBuildFile; fileRef = 289B2CE028A51BE50002F979 /* 8. 뒤집은 소수.swift */; };
		289B2CE328A524A30002F979 /* 9. 주사위 게임.swift in Sources */ = {isa = PBXBuildFile; fileRef = 289B2CE228A524A30002F979 /* 9. 주사위 게임.swift */; };
		289B2CE528A5269B0002F979 /* 10. 점수 계산.swift in Sources */ = {isa = PBXBuildFile; fileRef = 289B2CE428A5269B0002F979 /* 10. 점수 계산.swift */; };
		289B2CE828A52C9E0002F979 /* 1. 회문 문자열 검사.swift in Sources */ = {isa = PBXBuildFile; fileRef = 289B2CE728A52C9E0002F979 /* 1. 회문 문자열 검사.swift */; };
		289B2CEA28A52CFB0002F979 /* 2. 숫자만 추출.swift in Sources */ = {isa = PBXBuildFile; fileRef = 289B2CE928A52CFB0002F979 /* 2. 숫자만 추출.swift */; };
		28A113ED289FC03E00E194A9 /* 5. 정다면체.swift in Sources */ = {isa = PBXBuildFile; fileRef = 28A113EC289FC03E00E194A9 /* 5. 정다면체.swift */; };
		28A113EF289FC96600E194A9 /* 6. 자릿수의 합.swift in Sources */ = {isa = PBXBuildFile; fileRef = 28A113EE289FC96600E194A9 /* 6. 자릿수의 합.swift */; };
		28A113F1289FCF6200E194A9 /* 7. 소수의 개수 (에스토스테네스 체).swift in Sources */ = {isa = PBXBuildFile; fileRef = 28A113F0289FCF6200E194A9 /* 7. 소수의 개수 (에스토스테네스 체).swift */; };
/* End PBXBuildFile section */

/* Begin PBXCopyFilesBuildPhase section */
		2868D36E289D34BC000B299C /* CopyFiles */ = {
			isa = PBXCopyFilesBuildPhase;
			buildActionMask = 2147483647;
			dstPath = /usr/share/man/man1/;
			dstSubfolderSpec = 0;
			files = (
			);
			runOnlyForDeploymentPostprocessing = 1;
		};
/* End PBXCopyFilesBuildPhase section */

/* Begin PBXFileReference section */
		2863BACC28ABA96F00C6F414 /* 6. 격자판 최대 합.swift */ = {isa = PBXFileReference; lastKnownFileType = sourcecode.swift; path = "6. 격자판 최대 합.swift"; sourceTree = "<group>"; };
		2863BACE28ABB2BA00C6F414 /* 7. 사과나무.swift */ = {isa = PBXFileReference; lastKnownFileType = sourcecode.swift; path = "7. 사과나무.swift"; sourceTree = "<group>"; };
		2868D370289D34BC000B299C /* Algorithm */ = {isa = PBXFileReference; explicitFileType = "compiled.mach-o.executable"; includeInIndex = 0; path = Algorithm; sourceTree = BUILT_PRODUCTS_DIR; };
		2868D373289D34BC000B299C /* main.swift */ = {isa = PBXFileReference; lastKnownFileType = sourcecode.swift; path = main.swift; sourceTree = "<group>"; };
		2868D37C289D3A2A000B299C /* 1. K번째 약수.swift */ = {isa = PBXFileReference; lastKnownFileType = sourcecode.swift; path = "1. K번째 약수.swift"; sourceTree = "<group>"; };
		2868D37F289D4E16000B299C /* 2. K번째 수.swift */ = {isa = PBXFileReference; lastKnownFileType = sourcecode.swift; path = "2. K번째 수.swift"; sourceTree = "<group>"; };
		2868D381289E165C000B299C /* 3. K번째 큰 수.swift */ = {isa = PBXFileReference; lastKnownFileType = sourcecode.swift; path = "3. K번째 큰 수.swift"; sourceTree = "<group>"; };
		2868D383289E1E6E000B299C /* 4. 대표 값 X.swift */ = {isa = PBXFileReference; lastKnownFileType = sourcecode.swift; path = "4. 대표 값 X.swift"; sourceTree = "<group>"; };
		2899B5B328A76A66000A0671 /* 3. 카드 뒤집기.swift */ = {isa = PBXFileReference; lastKnownFileType = sourcecode.swift; path = "3. 카드 뒤집기.swift"; sourceTree = "<group>"; };
		2899B5B528A76C70000A0671 /* 4. 두 리스트 합치기.swift */ = {isa = PBXFileReference; lastKnownFileType = sourcecode.swift; path = "4. 두 리스트 합치기.swift"; sourceTree = "<group>"; };
		2899B5B728AA0276000A0671 /* 5. 수의 합.swift */ = {isa = PBXFileReference; lastKnownFileType = sourcecode.swift; path = "5. 수의 합.swift"; sourceTree = "<group>"; };
		289B2CE028A51BE50002F979 /* 8. 뒤집은 소수.swift */ = {isa = PBXFileReference; lastKnownFileType = sourcecode.swift; path = "8. 뒤집은 소수.swift"; sourceTree = "<group>"; };
		289B2CE228A524A30002F979 /* 9. 주사위 게임.swift */ = {isa = PBXFileReference; lastKnownFileType = sourcecode.swift; path = "9. 주사위 게임.swift"; sourceTree = "<group>"; };
		289B2CE428A5269B0002F979 /* 10. 점수 계산.swift */ = {isa = PBXFileReference; lastKnownFileType = sourcecode.swift; path = "10. 점수 계산.swift"; sourceTree = "<group>"; };
		289B2CE728A52C9E0002F979 /* 1. 회문 문자열 검사.swift */ = {isa = PBXFileReference; lastKnownFileType = sourcecode.swift; path = "1. 회문 문자열 검사.swift"; sourceTree = "<group>"; };
		289B2CE928A52CFB0002F979 /* 2. 숫자만 추출.swift */ = {isa = PBXFileReference; lastKnownFileType = sourcecode.swift; path = "2. 숫자만 추출.swift"; sourceTree = "<group>"; };
		28A113EC289FC03E00E194A9 /* 5. 정다면체.swift */ = {isa = PBXFileReference; lastKnownFileType = sourcecode.swift; path = "5. 정다면체.swift"; sourceTree = "<group>"; };
		28A113EE289FC96600E194A9 /* 6. 자릿수의 합.swift */ = {isa = PBXFileReference; lastKnownFileType = sourcecode.swift; path = "6. 자릿수의 합.swift"; sourceTree = "<group>"; };
		28A113F0289FCF6200E194A9 /* 7. 소수의 개수 (에스토스테네스 체).swift */ = {isa = PBXFileReference; lastKnownFileType = sourcecode.swift; path = "7. 소수의 개수 (에스토스테네스 체).swift"; sourceTree = "<group>"; };
/* End PBXFileReference section */

/* Begin PBXFrameworksBuildPhase section */
		2868D36D289D34BC000B299C /* Frameworks */ = {
			isa = PBXFrameworksBuildPhase;
			buildActionMask = 2147483647;
			files = (
			);
			runOnlyForDeploymentPostprocessing = 0;
		};
/* End PBXFrameworksBuildPhase section */

/* Begin PBXGroup section */
		2868D367289D34BC000B299C = {
			isa = PBXGroup;
			children = (
				2868D372289D34BC000B299C /* Algorithm */,
				2868D371289D34BC000B299C /* Products */,
			);
			sourceTree = "<group>";
		};
		2868D371289D34BC000B299C /* Products */ = {
			isa = PBXGroup;
			children = (
				2868D370289D34BC000B299C /* Algorithm */,
			);
			name = Products;
			sourceTree = "<group>";
		};
		2868D372289D34BC000B299C /* Algorithm */ = {
			isa = PBXGroup;
			children = (
				289B2CE628A528890002F979 /* 탐색and시뮬레이션 */,
				2868D37E289D3A34000B299C /* 코드 구현력 기르기 */,
				2868D373289D34BC000B299C /* main.swift */,
			);
			path = Algorithm;
			sourceTree = "<group>";
		};
		2868D37E289D3A34000B299C /* 코드 구현력 기르기 */ = {
			isa = PBXGroup;
			children = (
				2868D37C289D3A2A000B299C /* 1. K번째 약수.swift */,
				2868D37F289D4E16000B299C /* 2. K번째 수.swift */,
				2868D381289E165C000B299C /* 3. K번째 큰 수.swift */,
				2868D383289E1E6E000B299C /* 4. 대표 값 X.swift */,
				28A113EC289FC03E00E194A9 /* 5. 정다면체.swift */,
				28A113EE289FC96600E194A9 /* 6. 자릿수의 합.swift */,
				28A113F0289FCF6200E194A9 /* 7. 소수의 개수 (에스토스테네스 체).swift */,
				289B2CE028A51BE50002F979 /* 8. 뒤집은 소수.swift */,
				289B2CE228A524A30002F979 /* 9. 주사위 게임.swift */,
				289B2CE428A5269B0002F979 /* 10. 점수 계산.swift */,
			);
			name = "코드 구현력 기르기";
			path = "코드 구현력 키우기";
			sourceTree = "<group>";
		};
		289B2CE628A528890002F979 /* 탐색and시뮬레이션 */ = {
			isa = PBXGroup;
			children = (
				289B2CE728A52C9E0002F979 /* 1. 회문 문자열 검사.swift */,
				289B2CE928A52CFB0002F979 /* 2. 숫자만 추출.swift */,
				2899B5B328A76A66000A0671 /* 3. 카드 뒤집기.swift */,
				2899B5B528A76C70000A0671 /* 4. 두 리스트 합치기.swift */,
				2899B5B728AA0276000A0671 /* 5. 수의 합.swift */,
				2863BACC28ABA96F00C6F414 /* 6. 격자판 최대 합.swift */,
				2863BACE28ABB2BA00C6F414 /* 7. 사과나무.swift */,
			);
			name = "탐색and시뮬레이션";
			path = "탐색and시뮬레이션";
			sourceTree = "<group>";
		};
/* End PBXGroup section */

/* Begin PBXNativeTarget section */
		2868D36F289D34BC000B299C /* Algorithm */ = {
			isa = PBXNativeTarget;
			buildConfigurationList = 2868D377289D34BC000B299C /* Build configuration list for PBXNativeTarget "Algorithm" */;
			buildPhases = (
				2868D36C289D34BC000B299C /* Sources */,
				2868D36D289D34BC000B299C /* Frameworks */,
				2868D36E289D34BC000B299C /* CopyFiles */,
			);
			buildRules = (
			);
			dependencies = (
			);
			name = Algorithm;
			productName = Algorithm;
			productReference = 2868D370289D34BC000B299C /* Algorithm */;
			productType = "com.apple.product-type.tool";
		};
/* End PBXNativeTarget section */

/* Begin PBXProject section */
		2868D368289D34BC000B299C /* Project object */ = {
			isa = PBXProject;
			attributes = {
				BuildIndependentTargetsInParallel = 1;
				LastSwiftUpdateCheck = 1340;
				LastUpgradeCheck = 1340;
				TargetAttributes = {
					2868D36F289D34BC000B299C = {
						CreatedOnToolsVersion = 13.4.1;
					};
				};
			};
			buildConfigurationList = 2868D36B289D34BC000B299C /* Build configuration list for PBXProject "Algorithm" */;
			compatibilityVersion = "Xcode 13.0";
			developmentRegion = en;
			hasScannedForEncodings = 0;
			knownRegions = (
				en,
				Base,
			);
			mainGroup = 2868D367289D34BC000B299C;
			productRefGroup = 2868D371289D34BC000B299C /* Products */;
			projectDirPath = "";
			projectRoot = "";
			targets = (
				2868D36F289D34BC000B299C /* Algorithm */,
			);
		};
/* End PBXProject section */

/* Begin PBXSourcesBuildPhase section */
		2868D36C289D34BC000B299C /* Sources */ = {
			isa = PBXSourcesBuildPhase;
			buildActionMask = 2147483647;
			files = (
				2899B5B828AA0276000A0671 /* 5. 수의 합.swift in Sources */,
				2868D384289E1E6E000B299C /* 4. 대표 값 X.swift in Sources */,
				289B2CE128A51BE50002F979 /* 8. 뒤집은 소수.swift in Sources */,
				289B2CE828A52C9E0002F979 /* 1. 회문 문자열 검사.swift in Sources */,
				2899B5B428A76A66000A0671 /* 3. 카드 뒤집기.swift in Sources */,
				289B2CEA28A52CFB0002F979 /* 2. 숫자만 추출.swift in Sources */,
				2899B5B628A76C70000A0671 /* 4. 두 리스트 합치기.swift in Sources */,
				2868D37D289D3A2A000B299C /* 1. K번째 약수.swift in Sources */,
				2863BACD28ABA96F00C6F414 /* 6. 격자판 최대 합.swift in Sources */,
				28A113F1289FCF6200E194A9 /* 7. 소수의 개수 (에스토스테네스 체).swift in Sources */,
				2868D380289D4E16000B299C /* 2. K번째 수.swift in Sources */,
				28A113EF289FC96600E194A9 /* 6. 자릿수의 합.swift in Sources */,
				2863BACF28ABB2BA00C6F414 /* 7. 사과나무.swift in Sources */,
				2868D374289D34BC000B299C /* main.swift in Sources */,
				28A113ED289FC03E00E194A9 /* 5. 정다면체.swift in Sources */,
				289B2CE528A5269B0002F979 /* 10. 점수 계산.swift in Sources */,
				289B2CE328A524A30002F979 /* 9. 주사위 게임.swift in Sources */,
				2868D382289E165C000B299C /* 3. K번째 큰 수.swift in Sources */,
			);
			runOnlyForDeploymentPostprocessing = 0;
		};
/* End PBXSourcesBuildPhase section */

/* Begin XCBuildConfiguration section */
		2868D375289D34BC000B299C /* Debug */ = {
			isa = XCBuildConfiguration;
			buildSettings = {
				ALWAYS_SEARCH_USER_PATHS = NO;
				CLANG_ANALYZER_NONNULL = YES;
				CLANG_ANALYZER_NUMBER_OBJECT_CONVERSION = YES_AGGRESSIVE;
				CLANG_CXX_LANGUAGE_STANDARD = "gnu++17";
				CLANG_ENABLE_MODULES = YES;
				CLANG_ENABLE_OBJC_ARC = YES;
				CLANG_ENABLE_OBJC_WEAK = YES;
				CLANG_WARN_BLOCK_CAPTURE_AUTORELEASING = YES;
				CLANG_WARN_BOOL_CONVERSION = YES;
				CLANG_WARN_COMMA = YES;
				CLANG_WARN_CONSTANT_CONVERSION = YES;
				CLANG_WARN_DEPRECATED_OBJC_IMPLEMENTATIONS = YES;
				CLANG_WARN_DIRECT_OBJC_ISA_USAGE = YES_ERROR;
				CLANG_WARN_DOCUMENTATION_COMMENTS = YES;
				CLANG_WARN_EMPTY_BODY = YES;
				CLANG_WARN_ENUM_CONVERSION = YES;
				CLANG_WARN_INFINITE_RECURSION = YES;
				CLANG_WARN_INT_CONVERSION = YES;
				CLANG_WARN_NON_LITERAL_NULL_CONVERSION = YES;
				CLANG_WARN_OBJC_IMPLICIT_RETAIN_SELF = YES;
				CLANG_WARN_OBJC_LITERAL_CONVERSION = YES;
				CLANG_WARN_OBJC_ROOT_CLASS = YES_ERROR;
				CLANG_WARN_QUOTED_INCLUDE_IN_FRAMEWORK_HEADER = YES;
				CLANG_WARN_RANGE_LOOP_ANALYSIS = YES;
				CLANG_WARN_STRICT_PROTOTYPES = YES;
				CLANG_WARN_SUSPICIOUS_MOVE = YES;
				CLANG_WARN_UNGUARDED_AVAILABILITY = YES_AGGRESSIVE;
				CLANG_WARN_UNREACHABLE_CODE = YES;
				CLANG_WARN__DUPLICATE_METHOD_MATCH = YES;
				COPY_PHASE_STRIP = NO;
				DEBUG_INFORMATION_FORMAT = dwarf;
				ENABLE_STRICT_OBJC_MSGSEND = YES;
				ENABLE_TESTABILITY = YES;
				GCC_C_LANGUAGE_STANDARD = gnu11;
				GCC_DYNAMIC_NO_PIC = NO;
				GCC_NO_COMMON_BLOCKS = YES;
				GCC_OPTIMIZATION_LEVEL = 0;
				GCC_PREPROCESSOR_DEFINITIONS = (
					"DEBUG=1",
					"$(inherited)",
				);
				GCC_WARN_64_TO_32_BIT_CONVERSION = YES;
				GCC_WARN_ABOUT_RETURN_TYPE = YES_ERROR;
				GCC_WARN_UNDECLARED_SELECTOR = YES;
				GCC_WARN_UNINITIALIZED_AUTOS = YES_AGGRESSIVE;
				GCC_WARN_UNUSED_FUNCTION = YES;
				GCC_WARN_UNUSED_VARIABLE = YES;
				MACOSX_DEPLOYMENT_TARGET = 12.3;
				MTL_ENABLE_DEBUG_INFO = INCLUDE_SOURCE;
				MTL_FAST_MATH = YES;
				ONLY_ACTIVE_ARCH = YES;
				SDKROOT = macosx;
				SWIFT_ACTIVE_COMPILATION_CONDITIONS = DEBUG;
				SWIFT_OPTIMIZATION_LEVEL = "-Onone";
			};
			name = Debug;
		};
		2868D376289D34BC000B299C /* Release */ = {
			isa = XCBuildConfiguration;
			buildSettings = {
				ALWAYS_SEARCH_USER_PATHS = NO;
				CLANG_ANALYZER_NONNULL = YES;
				CLANG_ANALYZER_NUMBER_OBJECT_CONVERSION = YES_AGGRESSIVE;
				CLANG_CXX_LANGUAGE_STANDARD = "gnu++17";
				CLANG_ENABLE_MODULES = YES;
				CLANG_ENABLE_OBJC_ARC = YES;
				CLANG_ENABLE_OBJC_WEAK = YES;
				CLANG_WARN_BLOCK_CAPTURE_AUTORELEASING = YES;
				CLANG_WARN_BOOL_CONVERSION = YES;
				CLANG_WARN_COMMA = YES;
				CLANG_WARN_CONSTANT_CONVERSION = YES;
				CLANG_WARN_DEPRECATED_OBJC_IMPLEMENTATIONS = YES;
				CLANG_WARN_DIRECT_OBJC_ISA_USAGE = YES_ERROR;
				CLANG_WARN_DOCUMENTATION_COMMENTS = YES;
				CLANG_WARN_EMPTY_BODY = YES;
				CLANG_WARN_ENUM_CONVERSION = YES;
				CLANG_WARN_INFINITE_RECURSION = YES;
				CLANG_WARN_INT_CONVERSION = YES;
				CLANG_WARN_NON_LITERAL_NULL_CONVERSION = YES;
				CLANG_WARN_OBJC_IMPLICIT_RETAIN_SELF = YES;
				CLANG_WARN_OBJC_LITERAL_CONVERSION = YES;
				CLANG_WARN_OBJC_ROOT_CLASS = YES_ERROR;
				CLANG_WARN_QUOTED_INCLUDE_IN_FRAMEWORK_HEADER = YES;
				CLANG_WARN_RANGE_LOOP_ANALYSIS = YES;
				CLANG_WARN_STRICT_PROTOTYPES = YES;
				CLANG_WARN_SUSPICIOUS_MOVE = YES;
				CLANG_WARN_UNGUARDED_AVAILABILITY = YES_AGGRESSIVE;
				CLANG_WARN_UNREACHABLE_CODE = YES;
				CLANG_WARN__DUPLICATE_METHOD_MATCH = YES;
				COPY_PHASE_STRIP = NO;
				DEBUG_INFORMATION_FORMAT = "dwarf-with-dsym";
				ENABLE_NS_ASSERTIONS = NO;
				ENABLE_STRICT_OBJC_MSGSEND = YES;
				GCC_C_LANGUAGE_STANDARD = gnu11;
				GCC_NO_COMMON_BLOCKS = YES;
				GCC_WARN_64_TO_32_BIT_CONVERSION = YES;
				GCC_WARN_ABOUT_RETURN_TYPE = YES_ERROR;
				GCC_WARN_UNDECLARED_SELECTOR = YES;
				GCC_WARN_UNINITIALIZED_AUTOS = YES_AGGRESSIVE;
				GCC_WARN_UNUSED_FUNCTION = YES;
				GCC_WARN_UNUSED_VARIABLE = YES;
				MACOSX_DEPLOYMENT_TARGET = 12.3;
				MTL_ENABLE_DEBUG_INFO = NO;
				MTL_FAST_MATH = YES;
				SDKROOT = macosx;
				SWIFT_COMPILATION_MODE = wholemodule;
				SWIFT_OPTIMIZATION_LEVEL = "-O";
			};
			name = Release;
		};
		2868D378289D34BC000B299C /* Debug */ = {
			isa = XCBuildConfiguration;
			buildSettings = {
				CODE_SIGN_STYLE = Automatic;
				DEVELOPMENT_TEAM = 5TQSUXNFZV;
				ENABLE_HARDENED_RUNTIME = YES;
				PRODUCT_NAME = "$(TARGET_NAME)";
				SWIFT_VERSION = 5.0;
			};
			name = Debug;
		};
		2868D379289D34BC000B299C /* Release */ = {
			isa = XCBuildConfiguration;
			buildSettings = {
				CODE_SIGN_STYLE = Automatic;
				DEVELOPMENT_TEAM = 5TQSUXNFZV;
				ENABLE_HARDENED_RUNTIME = YES;
				PRODUCT_NAME = "$(TARGET_NAME)";
				SWIFT_VERSION = 5.0;
			};
			name = Release;
		};
/* End XCBuildConfiguration section */

/* Begin XCConfigurationList section */
		2868D36B289D34BC000B299C /* Build configuration list for PBXProject "Algorithm" */ = {
			isa = XCConfigurationList;
			buildConfigurations = (
				2868D375289D34BC000B299C /* Debug */,
				2868D376289D34BC000B299C /* Release */,
			);
			defaultConfigurationIsVisible = 0;
			defaultConfigurationName = Release;
		};
		2868D377289D34BC000B299C /* Build configuration list for PBXNativeTarget "Algorithm" */ = {
			isa = XCConfigurationList;
			buildConfigurations = (
				2868D378289D34BC000B299C /* Debug */,
				2868D379289D34BC000B299C /* Release */,
			);
			defaultConfigurationIsVisible = 0;
			defaultConfigurationName = Release;
		};
/* End XCConfigurationList section */
	};
	rootObject = 2868D368289D34BC000B299C /* Project object */;
}
